Microsoft Visual Studio Solution File, Format Version 11.00
# Visual Studio 2008

Project("{2FA7974C-E7A0-BD7B-68CB-C3DA3B849480}") = "PredPrey", "Assembly-CSharp.csproj", "{2B30372F-7CDF-1C30-921F-5F1900AFDC6E}"
EndProject
Project("{2FA7974C-E7A0-BD7B-68CB-C3DA3B849480}") = "PredPrey", "Assembly-CSharp-Editor.csproj", "{374F6CE4-7A2B-FB67-1D7D-524FF5C352DA}"
EndProject
Global
	GlobalSection(SolutionConfigurationPlatforms) = preSolution
		Debug|Any CPU = Debug|Any CPU
		Release|Any CPU = Release|Any CPU
	EndGlobalSection
	GlobalSection(ProjectConfigurationPlatforms) = postSolution
		{2B30372F-7CDF-1C30-921F-5F1900AFDC6E}.Debug|Any CPU.ActiveCfg = Debug|Any CPU
		{2B30372F-7CDF-1C30-921F-5F1900AFDC6E}.Debug|Any CPU.Build.0 = Debug|Any CPU
		{2B30372F-7CDF-1C30-921F-5F1900AFDC6E}.Release|Any CPU.ActiveCfg = Release|Any CPU
		{2B30372F-7CDF-1C30-921F-5F1900AFDC6E}.Release|Any CPU.Build.0 = Release|Any CPU
		{374F6CE4-7A2B-FB67-1D7D-524FF5C352DA}.Debug|Any CPU.ActiveCfg = Debug|Any CPU
		{374F6CE4-7A2B-FB67-1D7D-524FF5C352DA}.Debug|Any CPU.Build.0 = Debug|Any CPU
		{374F6CE4-7A2B-FB67-1D7D-524FF5C352DA}.Release|Any CPU.ActiveCfg = Release|Any CPU
		{374F6CE4-7A2B-FB67-1D7D-524FF5C352DA}.Release|Any CPU.Build.0 = Release|Any CPU
	EndGlobalSection
	GlobalSection(SolutionProperties) = preSolution
		HideSolutionNode = FALSE
	EndGlobalSection
																																																										GlobalSection(MonoDevelopProperties) = preSolution
		StartupItem = Assembly-CSharp.csproj
		Policies = $0
		$0.TextStylePolicy = $1
		$1.inheritsSet = null
		$1.scope = text/x-csharp
		$0.CSharpFormattingPolicy = $2
		$2.inheritsSet = Mono
		$2.inheritsScope = text/x-csharp
		$2.scope = text/x-csharp
		$0.TextStylePolicy = $3
		$3.FileWidth = 120
		$3.TabWidth = 4
		$3.EolMarker = Unix
		$3.inheritsSet = Mono
		$3.inheritsScope = text/plain
		$3.scope = text/plain
	EndGlobalSection

EndGlobal
